{
  "name": "maths",
  "version": "1.0.0",
  "lockfileVersion": 1,
  "requires": true,
  "dependencies": {
    "nerdamer": {
      "version": "1.1.12",
      "resolved": "https://registry.npmjs.org/nerdamer/-/nerdamer-1.1.12.tgz",
      "integrity": "sha512-lDVNLu1k0Qf4VpSh7HXRJFylIqTlBTFrtuDabawkac4niqrC/bgyqaz7K8byOdfhSlqYOBivBu2uRFZGYaQgWA=="
    }
  }
}
